
Microsoft Visual Studio Solution File, Format Version 12.00
# Visual Studio Version 16
VisualStudioVersion = 16.0.30413.136
MinimumVisualStudioVersion = 10.0.40219.1
Project("{9A19103F-16F7-4668-BE54-9A1E7A4F7556}") = "PracticalWork", "PracticalWork.csproj", "{F4C6F358-67B6-4AA3-AD0C-F358B00E7B49}"
EndProject
Project("{FAE04EC0-301F-11D3-BF4B-00C04F79EFBC}") = "GUI", "..\GUI\GUI.csproj", "{E85B33B3-C3F5-475E-86AF-91CDFF34EE25}"
EndProject
Global
	GlobalSection(SolutionConfigurationPlatforms) = preSolution
		Debug|Any CPU = Debug|Any CPU
		Release|Any CPU = Release|Any CPU
	EndGlobalSection
	GlobalSection(ProjectConfigurationPlatforms) = postSolution
		{F4C6F358-67B6-4AA3-AD0C-F358B00E7B49}.Debug|Any CPU.ActiveCfg = Debug|Any CPU
		{F4C6F358-67B6-4AA3-AD0C-F358B00E7B49}.Debug|Any CPU.Build.0 = Debug|Any CPU
		{F4C6F358-67B6-4AA3-AD0C-F358B00E7B49}.Release|Any CPU.ActiveCfg = Release|Any CPU
		{F4C6F358-67B6-4AA3-AD0C-F358B00E7B49}.Release|Any CPU.Build.0 = Release|Any CPU
		{E85B33B3-C3F5-475E-86AF-91CDFF34EE25}.Debug|Any CPU.ActiveCfg = Debug|Any CPU
		{E85B33B3-C3F5-475E-86AF-91CDFF34EE25}.Debug|Any CPU.Build.0 = Debug|Any CPU
		{E85B33B3-C3F5-475E-86AF-91CDFF34EE25}.Release|Any CPU.ActiveCfg = Release|Any CPU
		{E85B33B3-C3F5-475E-86AF-91CDFF34EE25}.Release|Any CPU.Build.0 = Release|Any CPU
	EndGlobalSection
	GlobalSection(SolutionProperties) = preSolution
		HideSolutionNode = FALSE
	EndGlobalSection
	GlobalSection(ExtensibilityGlobals) = postSolution
		SolutionGuid = {022DE89F-8989-4CBC-81A0-E8FAD51C7348}
	EndGlobalSection
EndGlobal
